
Microsoft Visual Studio Solution File, Format Version 12.00
# Visual Studio Version 16
VisualStudioVersion = 16.0.30204.135
MinimumVisualStudioVersion = 10.0.40219.1
Project("{FAE04EC0-301F-11D3-BF4B-00C04F79EFBC}") = "PathProblem", "PathProblem\PathProblem.csproj", "{B8314E5D-60CB-44BE-8DD2-1DE48012524B}"
EndProject
Global
	GlobalSection(SolutionConfigurationPlatforms) = preSolution
		Debug|Any CPU = Debug|Any CPU
		Release|Any CPU = Release|Any CPU
	EndGlobalSection
	GlobalSection(ProjectConfigurationPlatforms) = postSolution
		{B8314E5D-60CB-44BE-8DD2-1DE48012524B}.Debug|Any CPU.ActiveCfg = Debug|Any CPU
		{B8314E5D-60CB-44BE-8DD2-1DE48012524B}.Debug|Any CPU.Build.0 = Debug|Any CPU
		{B8314E5D-60CB-44BE-8DD2-1DE48012524B}.Release|Any CPU.ActiveCfg = Release|Any CPU
		{B8314E5D-60CB-44BE-8DD2-1DE48012524B}.Release|Any CPU.Build.0 = Release|Any CPU
	EndGlobalSection
	GlobalSection(SolutionProperties) = preSolution
		HideSolutionNode = FALSE
	EndGlobalSection
	GlobalSection(ExtensibilityGlobals) = postSolution
		SolutionGuid = {63781A67-1E14-478E-86C5-E713028D91DC}
	EndGlobalSection
EndGlobal
